// !$*UTF8*$!
{
	archiveVersion = 1;
	classes = {
	};
	objectVersion = 46;
	objects = {

/* Begin PBXBuildFile section */
		7320877C1A67848600823526 /* ZHEventNetworkService.m in Sources */ = {isa = PBXBuildFile; fileRef = 7320877B1A67848600823526 /* ZHEventNetworkService.m */; };
		73376CDC1A809CF000FDE3DA /* FeaturePageViewController.m in Sources */ = {isa = PBXBuildFile; fileRef = 73376CDB1A809CF000FDE3DA /* FeaturePageViewController.m */; };
		73376CDF1A809DEB00FDE3DA /* ZHFeatureEventTableViewController.m in Sources */ = {isa = PBXBuildFile; fileRef = 73376CDE1A809DEB00FDE3DA /* ZHFeatureEventTableViewController.m */; };
		73397E6C1A7A0F25005ED9F5 /* ZHPhotoNetworkService.m in Sources */ = {isa = PBXBuildFile; fileRef = 73397E6B1A7A0F25005ED9F5 /* ZHPhotoNetworkService.m */; };
		73397E6F1A7A13CB005ED9F5 /* ZHPhotoCollectionViewController.m in Sources */ = {isa = PBXBuildFile; fileRef = 73397E6E1A7A13CB005ED9F5 /* ZHPhotoCollectionViewController.m */; };
		73397E721A7A15B8005ED9F5 /* ZHPhotoCollectionViewCell.m in Sources */ = {isa = PBXBuildFile; fileRef = 73397E711A7A15B8005ED9F5 /* ZHPhotoCollectionViewCell.m */; };
		734D9E701A74347A00B85B1F /* HomePageViewController.m in Sources */ = {isa = PBXBuildFile; fileRef = 734D9E6F1A74347A00B85B1F /* HomePageViewController.m */; };
		7355D3B71A70B9EA001D0DD1 /* ZHEventTableViewCell.m in Sources */ = {isa = PBXBuildFile; fileRef = 7355D3B61A70B9EA001D0DD1 /* ZHEventTableViewCell.m */; };
		738330291A6E2CF9009561F4 /* ZHUtility.m in Sources */ = {isa = PBXBuildFile; fileRef = 738330281A6E2CF9009561F4 /* ZHUtility.m */; };
		738F50FC1A6776360001A93E /* main.m in Sources */ = {isa = PBXBuildFile; fileRef = 738F50FB1A6776360001A93E /* main.m */; };
		738F50FF1A6776360001A93E /* AppDelegate.m in Sources */ = {isa = PBXBuildFile; fileRef = 738F50FE1A6776360001A93E /* AppDelegate.m */; };
		738F51021A6776360001A93E /* ZHEventTableViewController.m in Sources */ = {isa = PBXBuildFile; fileRef = 738F51011A6776360001A93E /* ZHEventTableViewController.m */; };
		738F51051A6776360001A93E /* PhotoWallViewController.m in Sources */ = {isa = PBXBuildFile; fileRef = 738F51041A6776360001A93E /* PhotoWallViewController.m */; };
		738F51081A6776360001A93E /* Main.storyboard in Resources */ = {isa = PBXBuildFile; fileRef = 738F51061A6776360001A93E /* Main.storyboard */; };
		738F510A1A6776360001A93E /* Images.xcassets in Resources */ = {isa = PBXBuildFile; fileRef = 738F51091A6776360001A93E /* Images.xcassets */; };
		738F510D1A6776360001A93E /* LaunchScreen.xib in Resources */ = {isa = PBXBuildFile; fileRef = 738F510B1A6776360001A93E /* LaunchScreen.xib */; };
		738F51191A6776360001A93E /* Tests.m in Sources */ = {isa = PBXBuildFile; fileRef = 738F51181A6776360001A93E /* Tests.m */; };
		73A15C151A68CE1D00E255A4 /* CoreData.framework in Frameworks */ = {isa = PBXBuildFile; fileRef = 73A15C141A68CE1D00E255A4 /* CoreData.framework */; };
		73A15C171A68CE6F00E255A4 /* CoreText.framework in Frameworks */ = {isa = PBXBuildFile; fileRef = 73A15C161A68CE6F00E255A4 /* CoreText.framework */; };
		73A15C191A68CEBD00E255A4 /* UIKit.framework in Frameworks */ = {isa = PBXBuildFile; fileRef = 73A15C181A68CEBD00E255A4 /* UIKit.framework */; };
		73A15C1B1A68CEFB00E255A4 /* Foundation.framework in Frameworks */ = {isa = PBXBuildFile; fileRef = 73A15C1A1A68CEFB00E255A4 /* Foundation.framework */; };
		73A15C1D1A68CF2600E255A4 /* MobileCoreServices.framework in Frameworks */ = {isa = PBXBuildFile; fileRef = 73A15C1C1A68CF2600E255A4 /* MobileCoreServices.framework */; };
		73A15C1F1A68CF5D00E255A4 /* CoreImage.framework in Frameworks */ = {isa = PBXBuildFile; fileRef = 73A15C1E1A68CF5D00E255A4 /* CoreImage.framework */; };
		73A15C231A68D03600E255A4 /* Hermes.xcdatamodeld in Sources */ = {isa = PBXBuildFile; fileRef = 73A15C211A68D03600E255A4 /* Hermes.xcdatamodeld */; };
		73A15C271A68D1D600E255A4 /* ZHModel.m in Sources */ = {isa = PBXBuildFile; fileRef = 73A15C261A68D1D600E255A4 /* ZHModel.m */; };
		73A15C2D1A68E65F00E255A4 /* ZHModelConstants.m in Sources */ = {isa = PBXBuildFile; fileRef = 73A15C2C1A68E65F00E255A4 /* ZHModelConstants.m */; };
		73E2E5481A8346A900A51721 /* ZHPhotoCollectionViewLayout.m in Sources */ = {isa = PBXBuildFile; fileRef = 73E2E5471A8346A900A51721 /* ZHPhotoCollectionViewLayout.m */; };
		73E2E54B1A834E1100A51721 /* ZHEvent.m in Sources */ = {isa = PBXBuildFile; fileRef = 73E2E54A1A834E1100A51721 /* ZHEvent.m */; };
		73E2E54E1A834E1200A51721 /* ZHPhoto.m in Sources */ = {isa = PBXBuildFile; fileRef = 73E2E54D1A834E1200A51721 /* ZHPhoto.m */; };
		73E2E5511A834E1200A51721 /* ZHPhotoAlbum.m in Sources */ = {isa = PBXBuildFile; fileRef = 73E2E5501A834E1200A51721 /* ZHPhotoAlbum.m */; };
		73E2E5541A83574D00A51721 /* ZHPhotoDetailsViewController.m in Sources */ = {isa = PBXBuildFile; fileRef = 73E2E5531A83574D00A51721 /* ZHPhotoDetailsViewController.m */; };
		73FE032B1A78A19900F3B971 /* ZHPhotoAlbumNetworkService.m in Sources */ = {isa = PBXBuildFile; fileRef = 73FE032A1A78A19900F3B971 /* ZHPhotoAlbumNetworkService.m */; };
		73FE03311A78AFFF00F3B971 /* ZHPhotoAlbumTableViewController.m in Sources */ = {isa = PBXBuildFile; fileRef = 73FE03301A78AFFF00F3B971 /* ZHPhotoAlbumTableViewController.m */; };
		73FE03341A78B75200F3B971 /* ZHPhotoAlbumTableViewCell.m in Sources */ = {isa = PBXBuildFile; fileRef = 73FE03331A78B75200F3B971 /* ZHPhotoAlbumTableViewCell.m */; };
		73FEEA4C1A7753560051E761 /* ZHEventDetailsViewController.m in Sources */ = {isa = PBXBuildFile; fileRef = 73FEEA4B1A7753560051E761 /* ZHEventDetailsViewController.m */; };
		B8E0BB6B621BAB1F6E4C1AB0 /* libPods.a in Frameworks */ = {isa = PBXBuildFile; fileRef = 3A5C2B891C0A8B9D117D63D3 /* libPods.a */; };
/* End PBXBuildFile section */

/* Begin PBXContainerItemProxy section */
		738F51131A6776360001A93E /* PBXContainerItemProxy */ = {
			isa = PBXContainerItemProxy;
			containerPortal = 738F50EE1A6776360001A93E /* Project object */;
			proxyType = 1;
			remoteGlobalIDString = 738F50F51A6776360001A93E;
			remoteInfo = Hermes;
		};
/* End PBXContainerItemProxy section */

/* Begin PBXFileReference section */
		351C21F8BBE6F8F24BC8F509 /* Pods.debug.xcconfig */ = {isa = PBXFileReference; includeInIndex = 1; lastKnownFileType = text.xcconfig; name = Pods.debug.xcconfig; path = "Pods/Target Support Files/Pods/Pods.debug.xcconfig"; sourceTree = "<group>"; };
		3A5C2B891C0A8B9D117D63D3 /* libPods.a */ = {isa = PBXFileReference; explicitFileType = archive.ar; includeInIndex = 0; path = libPods.a; sourceTree = BUILT_PRODUCTS_DIR; };
		7320877A1A67843900823526 /* ZHEventNetworkService.h */ = {isa = PBXFileReference; fileEncoding = 4; lastKnownFileType = sourcecode.c.h; path = ZHEventNetworkService.h; sourceTree = "<group>"; };
		7320877B1A67848600823526 /* ZHEventNetworkService.m */ = {isa = PBXFileReference; fileEncoding = 4; lastKnownFileType = sourcecode.c.objc; path = ZHEventNetworkService.m; sourceTree = "<group>"; };
		73376CDA1A809CB200FDE3DA /* FeaturePageViewController.h */ = {isa = PBXFileReference; lastKnownFileType = sourcecode.c.h; path = FeaturePageViewController.h; sourceTree = "<group>"; };
		73376CDB1A809CF000FDE3DA /* FeaturePageViewController.m */ = {isa = PBXFileReference; fileEncoding = 4; lastKnownFileType = sourcecode.c.objc; path = FeaturePageViewController.m; sourceTree = "<group>"; };
		73376CDD1A809DC200FDE3DA /* ZHFeatureEventTableViewController.h */ = {isa = PBXFileReference; lastKnownFileType = sourcecode.c.h; path = ZHFeatureEventTableViewController.h; sourceTree = "<group>"; };
		73376CDE1A809DEB00FDE3DA /* ZHFeatureEventTableViewController.m */ = {isa = PBXFileReference; fileEncoding = 4; lastKnownFileType = sourcecode.c.objc; path = ZHFeatureEventTableViewController.m; sourceTree = "<group>"; };
		73397E6A1A7A0E8E005ED9F5 /* ZHPhotoNetworkService.h */ = {isa = PBXFileReference; lastKnownFileType = sourcecode.c.h; path = ZHPhotoNetworkService.h; sourceTree = "<group>"; };
		73397E6B1A7A0F25005ED9F5 /* ZHPhotoNetworkService.m */ = {isa = PBXFileReference; fileEncoding = 4; lastKnownFileType = sourcecode.c.objc; path = ZHPhotoNetworkService.m; sourceTree = "<group>"; };
		73397E6D1A7A138E005ED9F5 /* ZHPhotoCollectionViewController.h */ = {isa = PBXFileReference; lastKnownFileType = sourcecode.c.h; path = ZHPhotoCollectionViewController.h; sourceTree = "<group>"; };
		73397E6E1A7A13CB005ED9F5 /* ZHPhotoCollectionViewController.m */ = {isa = PBXFileReference; fileEncoding = 4; lastKnownFileType = sourcecode.c.objc; path = ZHPhotoCollectionViewController.m; sourceTree = "<group>"; };
		73397E701A7A1572005ED9F5 /* ZHPhotoCollectionViewCell.h */ = {isa = PBXFileReference; lastKnownFileType = sourcecode.c.h; path = ZHPhotoCollectionViewCell.h; sourceTree = "<group>"; };
		73397E711A7A15B8005ED9F5 /* ZHPhotoCollectionViewCell.m */ = {isa = PBXFileReference; fileEncoding = 4; lastKnownFileType = sourcecode.c.objc; path = ZHPhotoCollectionViewCell.m; sourceTree = "<group>"; };
		734D9E6E1A74343800B85B1F /* HomePageViewController.h */ = {isa = PBXFileReference; lastKnownFileType = sourcecode.c.h; path = HomePageViewController.h; sourceTree = "<group>"; };
		734D9E6F1A74347A00B85B1F /* HomePageViewController.m */ = {isa = PBXFileReference; fileEncoding = 4; lastKnownFileType = sourcecode.c.objc; path = HomePageViewController.m; sourceTree = "<group>"; };
		7355D3B51A70B97C001D0DD1 /* ZHEventTableViewCell.h */ = {isa = PBXFileReference; lastKnownFileType = sourcecode.c.h; path = ZHEventTableViewCell.h; sourceTree = "<group>"; };
		7355D3B61A70B9EA001D0DD1 /* ZHEventTableViewCell.m */ = {isa = PBXFileReference; fileEncoding = 4; lastKnownFileType = sourcecode.c.objc; path = ZHEventTableViewCell.m; sourceTree = "<group>"; };
		738330271A6E2C89009561F4 /* ZHUtility.h */ = {isa = PBXFileReference; lastKnownFileType = sourcecode.c.h; path = ZHUtility.h; sourceTree = "<group>"; };
		738330281A6E2CF9009561F4 /* ZHUtility.m */ = {isa = PBXFileReference; fileEncoding = 4; lastKnownFileType = sourcecode.c.objc; path = ZHUtility.m; sourceTree = "<group>"; };
		738F50F61A6776360001A93E /* Hermes.app */ = {isa = PBXFileReference; explicitFileType = wrapper.application; includeInIndex = 0; path = Hermes.app; sourceTree = BUILT_PRODUCTS_DIR; };
		738F50FA1A6776360001A93E /* Info.plist */ = {isa = PBXFileReference; lastKnownFileType = text.plist.xml; path = Info.plist; sourceTree = "<group>"; };
		738F50FB1A6776360001A93E /* main.m */ = {isa = PBXFileReference; lastKnownFileType = sourcecode.c.objc; path = main.m; sourceTree = "<group>"; };
		738F50FD1A6776360001A93E /* AppDelegate.h */ = {isa = PBXFileReference; lastKnownFileType = sourcecode.c.h; path = AppDelegate.h; sourceTree = "<group>"; };
		738F50FE1A6776360001A93E /* AppDelegate.m */ = {isa = PBXFileReference; lastKnownFileType = sourcecode.c.objc; path = AppDelegate.m; sourceTree = "<group>"; };
		738F51001A6776360001A93E /* ZHEventTableViewController.h */ = {isa = PBXFileReference; lastKnownFileType = sourcecode.c.h; path = ZHEventTableViewController.h; sourceTree = "<group>"; };
		738F51011A6776360001A93E /* ZHEventTableViewController.m */ = {isa = PBXFileReference; lastKnownFileType = sourcecode.c.objc; path = ZHEventTableViewController.m; sourceTree = "<group>"; };
		738F51031A6776360001A93E /* PhotoWallViewController.h */ = {isa = PBXFileReference; lastKnownFileType = sourcecode.c.h; path = PhotoWallViewController.h; sourceTree = "<group>"; };
		738F51041A6776360001A93E /* PhotoWallViewController.m */ = {isa = PBXFileReference; lastKnownFileType = sourcecode.c.objc; path = PhotoWallViewController.m; sourceTree = "<group>"; };
		738F51071A6776360001A93E /* Base */ = {isa = PBXFileReference; lastKnownFileType = file.storyboard; name = Base; path = Base.lproj/Main.storyboard; sourceTree = "<group>"; };
		738F51091A6776360001A93E /* Images.xcassets */ = {isa = PBXFileReference; lastKnownFileType = folder.assetcatalog; path = Images.xcassets; sourceTree = "<group>"; };
		738F510C1A6776360001A93E /* Base */ = {isa = PBXFileReference; lastKnownFileType = file.xib; name = Base; path = Base.lproj/LaunchScreen.xib; sourceTree = "<group>"; };
		738F51121A6776360001A93E /* HermesTests.xctest */ = {isa = PBXFileReference; explicitFileType = wrapper.cfbundle; includeInIndex = 0; path = HermesTests.xctest; sourceTree = BUILT_PRODUCTS_DIR; };
		738F51171A6776360001A93E /* Info.plist */ = {isa = PBXFileReference; lastKnownFileType = text.plist.xml; path = Info.plist; sourceTree = "<group>"; };
		738F51181A6776360001A93E /* Tests.m */ = {isa = PBXFileReference; lastKnownFileType = sourcecode.c.objc; path = Tests.m; sourceTree = "<group>"; };
		73A15C141A68CE1D00E255A4 /* CoreData.framework */ = {isa = PBXFileReference; lastKnownFileType = wrapper.framework; name = CoreData.framework; path = System/Library/Frameworks/CoreData.framework; sourceTree = SDKROOT; };
		73A15C161A68CE6F00E255A4 /* CoreText.framework */ = {isa = PBXFileReference; lastKnownFileType = wrapper.framework; name = CoreText.framework; path = System/Library/Frameworks/CoreText.framework; sourceTree = SDKROOT; };
		73A15C181A68CEBD00E255A4 /* UIKit.framework */ = {isa = PBXFileReference; lastKnownFileType = wrapper.framework; name = UIKit.framework; path = System/Library/Frameworks/UIKit.framework; sourceTree = SDKROOT; };
		73A15C1A1A68CEFB00E255A4 /* Foundation.framework */ = {isa = PBXFileReference; lastKnownFileType = wrapper.framework; name = Foundation.framework; path = System/Library/Frameworks/Foundation.framework; sourceTree = SDKROOT; };
		73A15C1C1A68CF2600E255A4 /* MobileCoreServices.framework */ = {isa = PBXFileReference; lastKnownFileType = wrapper.framework; name = MobileCoreServices.framework; path = System/Library/Frameworks/MobileCoreServices.framework; sourceTree = SDKROOT; };
		73A15C1E1A68CF5D00E255A4 /* CoreImage.framework */ = {isa = PBXFileReference; lastKnownFileType = wrapper.framework; name = CoreImage.framework; path = System/Library/Frameworks/CoreImage.framework; sourceTree = SDKROOT; };
		73A15C221A68D03600E255A4 /* Hermes.xcdatamodel */ = {isa = PBXFileReference; lastKnownFileType = wrapper.xcdatamodel; path = Hermes.xcdatamodel; sourceTree = "<group>"; };
		73A15C251A68D1BB00E255A4 /* ZHModel.h */ = {isa = PBXFileReference; lastKnownFileType = sourcecode.c.h; path = ZHModel.h; sourceTree = "<group>"; };
		73A15C261A68D1D600E255A4 /* ZHModel.m */ = {isa = PBXFileReference; fileEncoding = 4; lastKnownFileType = sourcecode.c.objc; path = ZHModel.m; sourceTree = "<group>"; };
		73A15C2B1A68E64300E255A4 /* ZHModelConstants.h */ = {isa = PBXFileReference; lastKnownFileType = sourcecode.c.h; path = ZHModelConstants.h; sourceTree = "<group>"; };
		73A15C2C1A68E65F00E255A4 /* ZHModelConstants.m */ = {isa = PBXFileReference; fileEncoding = 4; lastKnownFileType = sourcecode.c.objc; path = ZHModelConstants.m; sourceTree = "<group>"; };
		73E2E5461A83465400A51721 /* ZHPhotoCollectionViewLayout.h */ = {isa = PBXFileReference; lastKnownFileType = sourcecode.c.h; path = ZHPhotoCollectionViewLayout.h; sourceTree = "<group>"; };
		73E2E5471A8346A900A51721 /* ZHPhotoCollectionViewLayout.m */ = {isa = PBXFileReference; fileEncoding = 4; lastKnownFileType = sourcecode.c.objc; path = ZHPhotoCollectionViewLayout.m; sourceTree = "<group>"; };
		73E2E5491A834E1100A51721 /* ZHEvent.h */ = {isa = PBXFileReference; fileEncoding = 4; lastKnownFileType = sourcecode.c.h; path = ZHEvent.h; sourceTree = "<group>"; };
		73E2E54A1A834E1100A51721 /* ZHEvent.m */ = {isa = PBXFileReference; fileEncoding = 4; lastKnownFileType = sourcecode.c.objc; path = ZHEvent.m; sourceTree = "<group>"; };
		73E2E54C1A834E1200A51721 /* ZHPhoto.h */ = {isa = PBXFileReference; fileEncoding = 4; lastKnownFileType = sourcecode.c.h; path = ZHPhoto.h; sourceTree = "<group>"; };
		73E2E54D1A834E1200A51721 /* ZHPhoto.m */ = {isa = PBXFileReference; fileEncoding = 4; lastKnownFileType = sourcecode.c.objc; path = ZHPhoto.m; sourceTree = "<group>"; };
		73E2E54F1A834E1200A51721 /* ZHPhotoAlbum.h */ = {isa = PBXFileReference; fileEncoding = 4; lastKnownFileType = sourcecode.c.h; path = ZHPhotoAlbum.h; sourceTree = "<group>"; };
		73E2E5501A834E1200A51721 /* ZHPhotoAlbum.m */ = {isa = PBXFileReference; fileEncoding = 4; lastKnownFileType = sourcecode.c.objc; path = ZHPhotoAlbum.m; sourceTree = "<group>"; };
		73E2E5521A83570800A51721 /* ZHPhotoDetailsViewController.h */ = {isa = PBXFileReference; lastKnownFileType = sourcecode.c.h; path = ZHPhotoDetailsViewController.h; sourceTree = "<group>"; };
		73E2E5531A83574D00A51721 /* ZHPhotoDetailsViewController.m */ = {isa = PBXFileReference; fileEncoding = 4; lastKnownFileType = sourcecode.c.objc; path = ZHPhotoDetailsViewController.m; sourceTree = "<group>"; };
		73FE03291A78A14F00F3B971 /* ZHPhotoAlbumNetworkService.h */ = {isa = PBXFileReference; lastKnownFileType = sourcecode.c.h; path = ZHPhotoAlbumNetworkService.h; sourceTree = "<group>"; };
		73FE032A1A78A19900F3B971 /* ZHPhotoAlbumNetworkService.m */ = {isa = PBXFileReference; fileEncoding = 4; lastKnownFileType = sourcecode.c.objc; path = ZHPhotoAlbumNetworkService.m; sourceTree = "<group>"; };
		73FE032F1A78AFC800F3B971 /* ZHPhotoAlbumTableViewController.h */ = {isa = PBXFileReference; lastKnownFileType = sourcecode.c.h; path = ZHPhotoAlbumTableViewController.h; sourceTree = "<group>"; };
		73FE03301A78AFFF00F3B971 /* ZHPhotoAlbumTableViewController.m */ = {isa = PBXFileReference; fileEncoding = 4; lastKnownFileType = sourcecode.c.objc; path = ZHPhotoAlbumTableViewController.m; sourceTree = "<group>"; };
		73FE03321A78B6EA00F3B971 /* ZHPhotoAlbumTableViewCell.h */ = {isa = PBXFileReference; lastKnownFileType = sourcecode.c.h; path = ZHPhotoAlbumTableViewCell.h; sourceTree = "<group>"; };
		73FE03331A78B75200F3B971 /* ZHPhotoAlbumTableViewCell.m */ = {isa = PBXFileReference; fileEncoding = 4; lastKnownFileType = sourcecode.c.objc; path = ZHPhotoAlbumTableViewCell.m; sourceTree = "<group>"; };
		73FEEA4A1A7753190051E761 /* ZHEventDetailsViewController.h */ = {isa = PBXFileReference; lastKnownFileType = sourcecode.c.h; path = ZHEventDetailsViewController.h; sourceTree = "<group>"; };
		73FEEA4B1A7753560051E761 /* ZHEventDetailsViewController.m */ = {isa = PBXFileReference; fileEncoding = 4; lastKnownFileType = sourcecode.c.objc; path = ZHEventDetailsViewController.m; sourceTree = "<group>"; };
		D0BC63B46EBC21C4799CA3A7 /* Pods.release.xcconfig */ = {isa = PBXFileReference; includeInIndex = 1; lastKnownFileType = text.xcconfig; name = Pods.release.xcconfig; path = "Pods/Target Support Files/Pods/Pods.release.xcconfig"; sourceTree = "<group>"; };
/* End PBXFileReference section */

/* Begin PBXFrameworksBuildPhase section */
		738F50F31A6776360001A93E /* Frameworks */ = {
			isa = PBXFrameworksBuildPhase;
			buildActionMask = 2147483647;
			files = (
				73A15C151A68CE1D00E255A4 /* CoreData.framework in Frameworks */,
				73A15C1F1A68CF5D00E255A4 /* CoreImage.framework in Frameworks */,
				73A15C171A68CE6F00E255A4 /* CoreText.framework in Frameworks */,
				73A15C1B1A68CEFB00E255A4 /* Foundation.framework in Frameworks */,
				73A15C1D1A68CF2600E255A4 /* MobileCoreServices.framework in Frameworks */,
				73A15C191A68CEBD00E255A4 /* UIKit.framework in Frameworks */,
				B8E0BB6B621BAB1F6E4C1AB0 /* libPods.a in Frameworks */,
			);
			runOnlyForDeploymentPostprocessing = 0;
		};
		738F510F1A6776360001A93E /* Frameworks */ = {
			isa = PBXFrameworksBuildPhase;
			buildActionMask = 2147483647;
			files = (
			);
			runOnlyForDeploymentPostprocessing = 0;
		};
/* End PBXFrameworksBuildPhase section */

/* Begin PBXGroup section */
		3BE5A99D385E33A4D6862CA9 /* Pods */ = {
			isa = PBXGroup;
			children = (
				351C21F8BBE6F8F24BC8F509 /* Pods.debug.xcconfig */,
				D0BC63B46EBC21C4799CA3A7 /* Pods.release.xcconfig */,
			);
			name = Pods;
			sourceTree = "<group>";
		};
		7301E4E51A677AB700CBEB6A /* Controllers */ = {
			isa = PBXGroup;
			children = (
				73376CDA1A809CB200FDE3DA /* FeaturePageViewController.h */,
				73376CDB1A809CF000FDE3DA /* FeaturePageViewController.m */,
				734D9E6E1A74343800B85B1F /* HomePageViewController.h */,
				734D9E6F1A74347A00B85B1F /* HomePageViewController.m */,
				738F51031A6776360001A93E /* PhotoWallViewController.h */,
				738F51041A6776360001A93E /* PhotoWallViewController.m */,
				73FEEA4A1A7753190051E761 /* ZHEventDetailsViewController.h */,
				73FEEA4B1A7753560051E761 /* ZHEventDetailsViewController.m */,
				7355D3B51A70B97C001D0DD1 /* ZHEventTableViewCell.h */,
				7355D3B61A70B9EA001D0DD1 /* ZHEventTableViewCell.m */,
				738F51001A6776360001A93E /* ZHEventTableViewController.h */,
				738F51011A6776360001A93E /* ZHEventTableViewController.m */,
				73376CDD1A809DC200FDE3DA /* ZHFeatureEventTableViewController.h */,
				73376CDE1A809DEB00FDE3DA /* ZHFeatureEventTableViewController.m */,
				73FE03321A78B6EA00F3B971 /* ZHPhotoAlbumTableViewCell.h */,
				73FE03331A78B75200F3B971 /* ZHPhotoAlbumTableViewCell.m */,
				73FE032F1A78AFC800F3B971 /* ZHPhotoAlbumTableViewController.h */,
				73FE03301A78AFFF00F3B971 /* ZHPhotoAlbumTableViewController.m */,
				73397E701A7A1572005ED9F5 /* ZHPhotoCollectionViewCell.h */,
				73397E711A7A15B8005ED9F5 /* ZHPhotoCollectionViewCell.m */,
				73397E6D1A7A138E005ED9F5 /* ZHPhotoCollectionViewController.h */,
				73397E6E1A7A13CB005ED9F5 /* ZHPhotoCollectionViewController.m */,
				73E2E5521A83570800A51721 /* ZHPhotoDetailsViewController.h */,
				73E2E5531A83574D00A51721 /* ZHPhotoDetailsViewController.m */,
			);
			name = Controllers;
			sourceTree = "<group>";
		};
		7301E4E71A677AEC00CBEB6A /* Views */ = {
			isa = PBXGroup;
			children = (
				73E2E5461A83465400A51721 /* ZHPhotoCollectionViewLayout.h */,
				73E2E5471A8346A900A51721 /* ZHPhotoCollectionViewLayout.m */,
			);
			name = Views;
			sourceTree = "<group>";
		};
		732087791A6783B400823526 /* Networks */ = {
			isa = PBXGroup;
			children = (
				7320877A1A67843900823526 /* ZHEventNetworkService.h */,
				7320877B1A67848600823526 /* ZHEventNetworkService.m */,
				73FE03291A78A14F00F3B971 /* ZHPhotoAlbumNetworkService.h */,
				73FE032A1A78A19900F3B971 /* ZHPhotoAlbumNetworkService.m */,
				73397E6A1A7A0E8E005ED9F5 /* ZHPhotoNetworkService.h */,
				73397E6B1A7A0F25005ED9F5 /* ZHPhotoNetworkService.m */,
			);
			name = Networks;
			sourceTree = "<group>";
		};
		738F50ED1A6776360001A93E = {
			isa = PBXGroup;
			children = (
				738F50F81A6776360001A93E /* Hermes */,
				738F51151A6776360001A93E /* Tests */,
				738F50F71A6776360001A93E /* Products */,
				3BE5A99D385E33A4D6862CA9 /* Pods */,
				B41C45E89285A2EEF5528DBA /* Frameworks */,
			);
			sourceTree = "<group>";
		};
		738F50F71A6776360001A93E /* Products */ = {
			isa = PBXGroup;
			children = (
				738F50F61A6776360001A93E /* Hermes.app */,
				738F51121A6776360001A93E /* HermesTests.xctest */,
			);
			name = Products;
			sourceTree = "<group>";
		};
		738F50F81A6776360001A93E /* Hermes */ = {
			isa = PBXGroup;
			children = (
				7301E4E51A677AB700CBEB6A /* Controllers */,
				73A15C201A68CFE800E255A4 /* CoreData */,
				73A15C241A68D15800E255A4 /* Model */,
				732087791A6783B400823526 /* Networks */,
				7301E4E71A677AEC00CBEB6A /* Views */,
				738F50FD1A6776360001A93E /* AppDelegate.h */,
				738F50FE1A6776360001A93E /* AppDelegate.m */,
				738F51061A6776360001A93E /* Main.storyboard */,
				738F51091A6776360001A93E /* Images.xcassets */,
				738F510B1A6776360001A93E /* LaunchScreen.xib */,
				738F50F91A6776360001A93E /* Supporting Files */,
			);
			path = Hermes;
			sourceTree = "<group>";
		};
		738F50F91A6776360001A93E /* Supporting Files */ = {
			isa = PBXGroup;
			children = (
				738F50FA1A6776360001A93E /* Info.plist */,
				738F50FB1A6776360001A93E /* main.m */,
			);
			name = "Supporting Files";
			sourceTree = "<group>";
		};
		738F51151A6776360001A93E /* Tests */ = {
			isa = PBXGroup;
			children = (
				738F51181A6776360001A93E /* Tests.m */,
				738F51161A6776360001A93E /* Supporting Files */,
			);
			name = Tests;
			path = HermesTests;
			sourceTree = "<group>";
		};
		738F51161A6776360001A93E /* Supporting Files */ = {
			isa = PBXGroup;
			children = (
				738F51171A6776360001A93E /* Info.plist */,
			);
			name = "Supporting Files";
			sourceTree = "<group>";
		};
		73A15C201A68CFE800E255A4 /* CoreData */ = {
			isa = PBXGroup;
			children = (
				73E2E54F1A834E1200A51721 /* ZHPhotoAlbum.h */,
				73E2E5501A834E1200A51721 /* ZHPhotoAlbum.m */,
				73E2E54C1A834E1200A51721 /* ZHPhoto.h */,
				73E2E54D1A834E1200A51721 /* ZHPhoto.m */,
				73E2E5491A834E1100A51721 /* ZHEvent.h */,
				73E2E54A1A834E1100A51721 /* ZHEvent.m */,
				73A15C211A68D03600E255A4 /* Hermes.xcdatamodeld */,
			);
			name = CoreData;
			sourceTree = "<group>";
		};
		73A15C241A68D15800E255A4 /* Model */ = {
			isa = PBXGroup;
			children = (
				73A15C251A68D1BB00E255A4 /* ZHModel.h */,
				73A15C261A68D1D600E255A4 /* ZHModel.m */,
				73A15C2B1A68E64300E255A4 /* ZHModelConstants.h */,
				73A15C2C1A68E65F00E255A4 /* ZHModelConstants.m */,
				738330271A6E2C89009561F4 /* ZHUtility.h */,
				738330281A6E2CF9009561F4 /* ZHUtility.m */,
			);
			name = Model;
			sourceTree = "<group>";
		};
		B41C45E89285A2EEF5528DBA /* Frameworks */ = {
			isa = PBXGroup;
			children = (
				73A15C141A68CE1D00E255A4 /* CoreData.framework */,
				73A15C1E1A68CF5D00E255A4 /* CoreImage.framework */,
				73A15C161A68CE6F00E255A4 /* CoreText.framework */,
				73A15C1A1A68CEFB00E255A4 /* Foundation.framework */,
				73A15C1C1A68CF2600E255A4 /* MobileCoreServices.framework */,
				73A15C181A68CEBD00E255A4 /* UIKit.framework */,
				3A5C2B891C0A8B9D117D63D3 /* libPods.a */,
			);
			name = Frameworks;
			sourceTree = "<group>";
		};
/* End PBXGroup section */

/* Begin PBXNativeTarget section */
		738F50F51A6776360001A93E /* Hermes */ = {
			isa = PBXNativeTarget;
			buildConfigurationList = 738F511C1A6776360001A93E /* Build configuration list for PBXNativeTarget "Hermes" */;
			buildPhases = (
				5845AB40F6C7868B8AD20416 /* Check Pods Manifest.lock */,
				738F50F21A6776360001A93E /* Sources */,
				738F50F31A6776360001A93E /* Frameworks */,
				738F50F41A6776360001A93E /* Resources */,
				D7B5DF9381779BC39C579841 /* Copy Pods Resources */,
			);
			buildRules = (
			);
			dependencies = (
			);
			name = Hermes;
			productName = Hermes;
			productReference = 738F50F61A6776360001A93E /* Hermes.app */;
			productType = "com.apple.product-type.application";
		};
		738F51111A6776360001A93E /* HermesTests */ = {
			isa = PBXNativeTarget;
			buildConfigurationList = 738F511F1A6776360001A93E /* Build configuration list for PBXNativeTarget "HermesTests" */;
			buildPhases = (
				738F510E1A6776360001A93E /* Sources */,
				738F510F1A6776360001A93E /* Frameworks */,
				738F51101A6776360001A93E /* Resources */,
			);
			buildRules = (
			);
			dependencies = (
				738F51141A6776360001A93E /* PBXTargetDependency */,
			);
			name = HermesTests;
			productName = HermesTests;
			productReference = 738F51121A6776360001A93E /* HermesTests.xctest */;
			productType = "com.apple.product-type.bundle.unit-test";
		};
/* End PBXNativeTarget section */

/* Begin PBXProject section */
		738F50EE1A6776360001A93E /* Project object */ = {
			isa = PBXProject;
			attributes = {
				LastUpgradeCheck = 0610;
				ORGANIZATIONNAME = XuanXie;
				TargetAttributes = {
					738F50F51A6776360001A93E = {
						CreatedOnToolsVersion = 6.1.1;
					};
					738F51111A6776360001A93E = {
						CreatedOnToolsVersion = 6.1.1;
						TestTargetID = 738F50F51A6776360001A93E;
					};
				};
			};
			buildConfigurationList = 738F50F11A6776360001A93E /* Build configuration list for PBXProject "Hermes" */;
			compatibilityVersion = "Xcode 3.2";
			developmentRegion = English;
			hasScannedForEncodings = 0;
			knownRegions = (
				en,
				Base,
			);
			mainGroup = 738F50ED1A6776360001A93E;
			productRefGroup = 738F50F71A6776360001A93E /* Products */;
			projectDirPath = "";
			projectRoot = "";
			targets = (
				738F50F51A6776360001A93E /* Hermes */,
				738F51111A6776360001A93E /* HermesTests */,
			);
		};
/* End PBXProject section */

/* Begin PBXResourcesBuildPhase section */
		738F50F41A6776360001A93E /* Resources */ = {
			isa = PBXResourcesBuildPhase;
			buildActionMask = 2147483647;
			files = (
				738F51081A6776360001A93E /* Main.storyboard in Resources */,
				738F510D1A6776360001A93E /* LaunchScreen.xib in Resources */,
				738F510A1A6776360001A93E /* Images.xcassets in Resources */,
			);
			runOnlyForDeploymentPostprocessing = 0;
		};
		738F51101A6776360001A93E /* Resources */ = {
			isa = PBXResourcesBuildPhase;
			buildActionMask = 2147483647;
			files = (
			);
			runOnlyForDeploymentPostprocessing = 0;
		};
/* End PBXResourcesBuildPhase section */

/* Begin PBXShellScriptBuildPhase section */
		5845AB40F6C7868B8AD20416 /* Check Pods Manifest.lock */ = {
			isa = PBXShellScriptBuildPhase;
			buildActionMask = 2147483647;
			files = (
			);
			inputPaths = (
			);
			name = "Check Pods Manifest.lock";
			outputPaths = (
			);
			runOnlyForDeploymentPostprocessing = 0;
			shellPath = /bin/sh;
			shellScript = "diff \"${PODS_ROOT}/../Podfile.lock\" \"${PODS_ROOT}/Manifest.lock\" > /dev/null\nif [[ $? != 0 ]] ; then\n    cat << EOM\nerror: The sandbox is not in sync with the Podfile.lock. Run 'pod install' or update your CocoaPods installation.\nEOM\n    exit 1\nfi\n";
			showEnvVarsInLog = 0;
		};
		D7B5DF9381779BC39C579841 /* Copy Pods Resources */ = {
			isa = PBXShellScriptBuildPhase;
			buildActionMask = 2147483647;
			files = (
			);
			inputPaths = (
			);
			name = "Copy Pods Resources";
			outputPaths = (
			);
			runOnlyForDeploymentPostprocessing = 0;
			shellPath = /bin/sh;
			shellScript = "\"${SRCROOT}/Pods/Target Support Files/Pods/Pods-resources.sh\"\n";
			showEnvVarsInLog = 0;
		};
/* End PBXShellScriptBuildPhase section */

/* Begin PBXSourcesBuildPhase section */
		738F50F21A6776360001A93E /* Sources */ = {
			isa = PBXSourcesBuildPhase;
			buildActionMask = 2147483647;
			files = (
				73397E6F1A7A13CB005ED9F5 /* ZHPhotoCollectionViewController.m in Sources */,
				7355D3B71A70B9EA001D0DD1 /* ZHEventTableViewCell.m in Sources */,
				73A15C2D1A68E65F00E255A4 /* ZHModelConstants.m in Sources */,
				738F51051A6776360001A93E /* PhotoWallViewController.m in Sources */,
				73A15C231A68D03600E255A4 /* Hermes.xcdatamodeld in Sources */,
				738330291A6E2CF9009561F4 /* ZHUtility.m in Sources */,
				73E2E5511A834E1200A51721 /* ZHPhotoAlbum.m in Sources */,
				73E2E5541A83574D00A51721 /* ZHPhotoDetailsViewController.m in Sources */,
				73376CDF1A809DEB00FDE3DA /* ZHFeatureEventTableViewController.m in Sources */,
				73376CDC1A809CF000FDE3DA /* FeaturePageViewController.m in Sources */,
				73A15C271A68D1D600E255A4 /* ZHModel.m in Sources */,
				73FE03341A78B75200F3B971 /* ZHPhotoAlbumTableViewCell.m in Sources */,
				734D9E701A74347A00B85B1F /* HomePageViewController.m in Sources */,
				738F50FF1A6776360001A93E /* AppDelegate.m in Sources */,
				73E2E54B1A834E1100A51721 /* ZHEvent.m in Sources */,
				73FE03311A78AFFF00F3B971 /* ZHPhotoAlbumTableViewController.m in Sources */,
				73397E6C1A7A0F25005ED9F5 /* ZHPhotoNetworkService.m in Sources */,
				73FE032B1A78A19900F3B971 /* ZHPhotoAlbumNetworkService.m in Sources */,
				73397E721A7A15B8005ED9F5 /* ZHPhotoCollectionViewCell.m in Sources */,
				73E2E54E1A834E1200A51721 /* ZHPhoto.m in Sources */,
				73E2E5481A8346A900A51721 /* ZHPhotoCollectionViewLayout.m in Sources */,
				73FEEA4C1A7753560051E761 /* ZHEventDetailsViewController.m in Sources */,
				7320877C1A67848600823526 /* ZHEventNetworkService.m in Sources */,
				738F51021A6776360001A93E /* ZHEventTableViewController.m in Sources */,
				738F50FC1A6776360001A93E /* main.m in Sources */,
			);
			runOnlyForDeploymentPostprocessing = 0;
		};
		738F510E1A6776360001A93E /* Sources */ = {
			isa = PBXSourcesBuildPhase;
			buildActionMask = 2147483647;
			files = (
				738F51191A6776360001A93E /* Tests.m in Sources */,
			);
			runOnlyForDeploymentPostprocessing = 0;
		};
/* End PBXSourcesBuildPhase section */

/* Begin PBXTargetDependency section */
		738F51141A6776360001A93E /* PBXTargetDependency */ = {
			isa = PBXTargetDependency;
			target = 738F50F51A6776360001A93E /* Hermes */;
			targetProxy = 738F51131A6776360001A93E /* PBXContainerItemProxy */;
		};
/* End PBXTargetDependency section */

/* Begin PBXVariantGroup section */
		738F51061A6776360001A93E /* Main.storyboard */ = {
			isa = PBXVariantGroup;
			children = (
				738F51071A6776360001A93E /* Base */,
			);
			name = Main.storyboard;
			sourceTree = "<group>";
		};
		738F510B1A6776360001A93E /* LaunchScreen.xib */ = {
			isa = PBXVariantGroup;
			children = (
				738F510C1A6776360001A93E /* Base */,
			);
			name = LaunchScreen.xib;
			sourceTree = "<group>";
		};
/* End PBXVariantGroup section */

/* Begin XCBuildConfiguration section */
		738F511A1A6776360001A93E /* Debug */ = {
			isa = XCBuildConfiguration;
			buildSettings = {
				ALWAYS_SEARCH_USER_PATHS = NO;
				CLANG_CXX_LANGUAGE_STANDARD = "gnu++0x";
				CLANG_CXX_LIBRARY = "libc++";
				CLANG_ENABLE_MODULES = YES;
				CLANG_ENABLE_OBJC_ARC = YES;
				CLANG_WARN_BOOL_CONVERSION = YES;
				CLANG_WARN_CONSTANT_CONVERSION = YES;
				CLANG_WARN_DIRECT_OBJC_ISA_USAGE = YES_ERROR;
				CLANG_WARN_EMPTY_BODY = YES;
				CLANG_WARN_ENUM_CONVERSION = YES;
				CLANG_WARN_INT_CONVERSION = YES;
				CLANG_WARN_OBJC_ROOT_CLASS = YES_ERROR;
				CLANG_WARN_UNREACHABLE_CODE = YES;
				CLANG_WARN__DUPLICATE_METHOD_MATCH = YES;
				"CODE_SIGN_IDENTITY[sdk=iphoneos*]" = "iPhone Developer";
				COPY_PHASE_STRIP = NO;
				ENABLE_STRICT_OBJC_MSGSEND = YES;
				GCC_C_LANGUAGE_STANDARD = gnu99;
				GCC_DYNAMIC_NO_PIC = NO;
				GCC_OPTIMIZATION_LEVEL = 0;
				GCC_PREPROCESSOR_DEFINITIONS = (
					"DEBUG=1",
					"$(inherited)",
				);
				GCC_SYMBOLS_PRIVATE_EXTERN = NO;
				GCC_WARN_64_TO_32_BIT_CONVERSION = YES;
				GCC_WARN_ABOUT_RETURN_TYPE = YES_ERROR;
				GCC_WARN_UNDECLARED_SELECTOR = YES;
				GCC_WARN_UNINITIALIZED_AUTOS = YES_AGGRESSIVE;
				GCC_WARN_UNUSED_FUNCTION = YES;
				GCC_WARN_UNUSED_VARIABLE = YES;
				IPHONEOS_DEPLOYMENT_TARGET = 8.1;
				MTL_ENABLE_DEBUG_INFO = YES;
				ONLY_ACTIVE_ARCH = YES;
				SDKROOT = iphoneos;
			};
			name = Debug;
		};
		738F511B1A6776360001A93E /* Release */ = {
			isa = XCBuildConfiguration;
			buildSettings = {
				ALWAYS_SEARCH_USER_PATHS = NO;
				CLANG_CXX_LANGUAGE_STANDARD = "gnu++0x";
				CLANG_CXX_LIBRARY = "libc++";
				CLANG_ENABLE_MODULES = YES;
				CLANG_ENABLE_OBJC_ARC = YES;
				CLANG_WARN_BOOL_CONVERSION = YES;
				CLANG_WARN_CONSTANT_CONVERSION = YES;
				CLANG_WARN_DIRECT_OBJC_ISA_USAGE = YES_ERROR;
				CLANG_WARN_EMPTY_BODY = YES;
				CLANG_WARN_ENUM_CONVERSION = YES;
				CLANG_WARN_INT_CONVERSION = YES;
				CLANG_WARN_OBJC_ROOT_CLASS = YES_ERROR;
				CLANG_WARN_UNREACHABLE_CODE = YES;
				CLANG_WARN__DUPLICATE_METHOD_MATCH = YES;
				"CODE_SIGN_IDENTITY[sdk=iphoneos*]" = "iPhone Developer";
				COPY_PHASE_STRIP = YES;
				ENABLE_NS_ASSERTIONS = NO;
				ENABLE_STRICT_OBJC_MSGSEND = YES;
				GCC_C_LANGUAGE_STANDARD = gnu99;
				GCC_WARN_64_TO_32_BIT_CONVERSION = YES;
				GCC_WARN_ABOUT_RETURN_TYPE = YES_ERROR;
				GCC_WARN_UNDECLARED_SELECTOR = YES;
				GCC_WARN_UNINITIALIZED_AUTOS = YES_AGGRESSIVE;
				GCC_WARN_UNUSED_FUNCTION = YES;
				GCC_WARN_UNUSED_VARIABLE = YES;
				IPHONEOS_DEPLOYMENT_TARGET = 8.1;
				MTL_ENABLE_DEBUG_INFO = NO;
				SDKROOT = iphoneos;
				VALIDATE_PRODUCT = YES;
			};
			name = Release;
		};
		738F511D1A6776360001A93E /* Debug */ = {
			isa = XCBuildConfiguration;
			baseConfigurationReference = 351C21F8BBE6F8F24BC8F509 /* Pods.debug.xcconfig */;
			buildSettings = {
				ASSETCATALOG_COMPILER_APPICON_NAME = AppIcon;
				INFOPLIST_FILE = Hermes/Info.plist;
				LD_RUNPATH_SEARCH_PATHS = "$(inherited) @executable_path/Frameworks";
				PRODUCT_NAME = "$(TARGET_NAME)";
			};
			name = Debug;
		};
		738F511E1A6776360001A93E /* Release */ = {
			isa = XCBuildConfiguration;
			baseConfigurationReference = D0BC63B46EBC21C4799CA3A7 /* Pods.release.xcconfig */;
			buildSettings = {
				ASSETCATALOG_COMPILER_APPICON_NAME = AppIcon;
				INFOPLIST_FILE = Hermes/Info.plist;
				LD_RUNPATH_SEARCH_PATHS = "$(inherited) @executable_path/Frameworks";
				PRODUCT_NAME = "$(TARGET_NAME)";
			};
			name = Release;
		};
		738F51201A6776360001A93E /* Debug */ = {
			isa = XCBuildConfiguration;
			buildSettings = {
				BUNDLE_LOADER = "$(TEST_HOST)";
				FRAMEWORK_SEARCH_PATHS = (
					"$(SDKROOT)/Developer/Library/Frameworks",
					"$(inherited)",
				);
				GCC_PREPROCESSOR_DEFINITIONS = (
					"DEBUG=1",
					"$(inherited)",
				);
				INFOPLIST_FILE = HermesTests/Info.plist;
				LD_RUNPATH_SEARCH_PATHS = "$(inherited) @executable_path/Frameworks @loader_path/Frameworks";
				PRODUCT_NAME = "$(TARGET_NAME)";
				TEST_HOST = "$(BUILT_PRODUCTS_DIR)/Hermes.app/Hermes";
			};
			name = Debug;
		};
		738F51211A6776360001A93E /* Release */ = {
			isa = XCBuildConfiguration;
			buildSettings = {
				BUNDLE_LOADER = "$(TEST_HOST)";
				FRAMEWORK_SEARCH_PATHS = (
					"$(SDKROOT)/Developer/Library/Frameworks",
					"$(inherited)",
				);
				INFOPLIST_FILE = HermesTests/Info.plist;
				LD_RUNPATH_SEARCH_PATHS = "$(inherited) @executable_path/Frameworks @loader_path/Frameworks";
				PRODUCT_NAME = "$(TARGET_NAME)";
				TEST_HOST = "$(BUILT_PRODUCTS_DIR)/Hermes.app/Hermes";
			};
			name = Release;
		};
/* End XCBuildConfiguration section */

/* Begin XCConfigurationList section */
		738F50F11A6776360001A93E /* Build configuration list for PBXProject "Hermes" */ = {
			isa = XCConfigurationList;
			buildConfigurations = (
				738F511A1A6776360001A93E /* Debug */,
				738F511B1A6776360001A93E /* Release */,
			);
			defaultConfigurationIsVisible = 0;
			defaultConfigurationName = Release;
		};
		738F511C1A6776360001A93E /* Build configuration list for PBXNativeTarget "Hermes" */ = {
			isa = XCConfigurationList;
			buildConfigurations = (
				738F511D1A6776360001A93E /* Debug */,
				738F511E1A6776360001A93E /* Release */,
			);
			defaultConfigurationIsVisible = 0;
			defaultConfigurationName = Release;
		};
		738F511F1A6776360001A93E /* Build configuration list for PBXNativeTarget "HermesTests" */ = {
			isa = XCConfigurationList;
			buildConfigurations = (
				738F51201A6776360001A93E /* Debug */,
				738F51211A6776360001A93E /* Release */,
			);
			defaultConfigurationIsVisible = 0;
			defaultConfigurationName = Release;
		};
/* End XCConfigurationList section */

/* Begin XCVersionGroup section */
		73A15C211A68D03600E255A4 /* Hermes.xcdatamodeld */ = {
			isa = XCVersionGroup;
			children = (
				73A15C221A68D03600E255A4 /* Hermes.xcdatamodel */,
			);
			currentVersion = 73A15C221A68D03600E255A4 /* Hermes.xcdatamodel */;
			path = Hermes.xcdatamodeld;
			sourceTree = "<group>";
			versionGroupType = wrapper.xcdatamodel;
		};
/* End XCVersionGroup section */
	};
	rootObject = 738F50EE1A6776360001A93E /* Project object */;
}
